
Microsoft Visual Studio Solution File, Format Version 12.00
# Visual Studio Version 16
VisualStudioVersion = 16.0.29009.5
MinimumVisualStudioVersion = 10.0.40219.1
Project("{FAE04EC0-301F-11D3-BF4B-00C04F79EFBC}") = "WeirdForm", "WeirdForm.csproj", "{519DB0F6-83A4-4C53-9E41-05B06295DBBE}"
EndProject
Global
	GlobalSection(SolutionConfigurationPlatforms) = preSolution
		Debug|Any CPU = Debug|Any CPU
		Release|Any CPU = Release|Any CPU
	EndGlobalSection
	GlobalSection(ProjectConfigurationPlatforms) = postSolution
		{519DB0F6-83A4-4C53-9E41-05B06295DBBE}.Debug|Any CPU.ActiveCfg = Debug|Any CPU
		{519DB0F6-83A4-4C53-9E41-05B06295DBBE}.Debug|Any CPU.Build.0 = Debug|Any CPU
		{519DB0F6-83A4-4C53-9E41-05B06295DBBE}.Release|Any CPU.ActiveCfg = Release|Any CPU
		{519DB0F6-83A4-4C53-9E41-05B06295DBBE}.Release|Any CPU.Build.0 = Release|Any CPU
	EndGlobalSection
	GlobalSection(SolutionProperties) = preSolution
		HideSolutionNode = FALSE
	EndGlobalSection
	GlobalSection(ExtensibilityGlobals) = postSolution
		SolutionGuid = {B4888230-5435-4D54-8F46-F29A036EA206}
	EndGlobalSection
EndGlobal
